
Microsoft Visual Studio Solution File, Format Version 12.00
# Visual Studio Version 17
VisualStudioVersion = 17.0.31903.59
MinimumVisualStudioVersion = 10.0.40219.1
Project("{FAE04EC0-301F-11D3-BF4B-00C04F79EFBC}") = "MicroPandaTest", "MicroPandaTest\MicroPandaTest.csproj", "{68875F2F-DAA2-4004-99F3-A0D83BD51788}"
EndProject
Project("{FAE04EC0-301F-11D3-BF4B-00C04F79EFBC}") = "MicroPanda", "MicroPanda\MicroPanda.csproj", "{4A3E442B-F925-41E8-A454-977BCDF609DC}"
EndProject
Global
	GlobalSection(SolutionConfigurationPlatforms) = preSolution
		Debug|Any CPU = Debug|Any CPU
		Release|Any CPU = Release|Any CPU
	EndGlobalSection
	GlobalSection(SolutionProperties) = preSolution
		HideSolutionNode = FALSE
	EndGlobalSection
	GlobalSection(ProjectConfigurationPlatforms) = postSolution
		{68875F2F-DAA2-4004-99F3-A0D83BD51788}.Debug|Any CPU.ActiveCfg = Debug|Any CPU
		{68875F2F-DAA2-4004-99F3-A0D83BD51788}.Debug|Any CPU.Build.0 = Debug|Any CPU
		{68875F2F-DAA2-4004-99F3-A0D83BD51788}.Release|Any CPU.ActiveCfg = Release|Any CPU
		{68875F2F-DAA2-4004-99F3-A0D83BD51788}.Release|Any CPU.Build.0 = Release|Any CPU
		{4A3E442B-F925-41E8-A454-977BCDF609DC}.Debug|Any CPU.ActiveCfg = Debug|Any CPU
		{4A3E442B-F925-41E8-A454-977BCDF609DC}.Debug|Any CPU.Build.0 = Debug|Any CPU
		{4A3E442B-F925-41E8-A454-977BCDF609DC}.Release|Any CPU.ActiveCfg = Release|Any CPU
		{4A3E442B-F925-41E8-A454-977BCDF609DC}.Release|Any CPU.Build.0 = Release|Any CPU
	EndGlobalSection
EndGlobal
